
Microsoft Visual Studio Solution File, Format Version 12.00
# Visual Studio Version 16
VisualStudioVersion = 16.0.30804.86
MinimumVisualStudioVersion = 10.0.40219.1
Project("{9A19103F-16F7-4668-BE54-9A1E7A4F7556}") = "DataAccess", "DataAccess\DataAccess.csproj", "{452C81D8-704F-4ECA-8285-BD2D0517580F}"
EndProject
Project("{9A19103F-16F7-4668-BE54-9A1E7A4F7556}") = "Business", "Business\Business.csproj", "{7750F9F9-5A65-486B-BAB3-DC31931A3D6A}"
EndProject
Project("{9A19103F-16F7-4668-BE54-9A1E7A4F7556}") = "Entities", "Entities\Entities.csproj", "{66C586D8-65DF-46A3-9F07-05D3A9F6CE3B}"
EndProject
Project("{9A19103F-16F7-4668-BE54-9A1E7A4F7556}") = "ConsoleUI", "ConsoleUI\ConsoleUI.csproj", "{15A2425B-1F59-48CA-B0F2-148EEE435191}"
EndProject
Project("{9A19103F-16F7-4668-BE54-9A1E7A4F7556}") = "Core", "Core\Core.csproj", "{9B3A4A7A-54C3-4E4F-A362-1B530DD6FB0B}"
EndProject
Project("{FAE04EC0-301F-11D3-BF4B-00C04F79EFBC}") = "WebAPI", "WebAPI\WebAPI.csproj", "{EFCE2E15-5A49-47BE-9283-7B5A5371B5E5}"
EndProject
Global
	GlobalSection(SolutionConfigurationPlatforms) = preSolution
		Debug|Any CPU = Debug|Any CPU
		Release|Any CPU = Release|Any CPU
	EndGlobalSection
	GlobalSection(ProjectConfigurationPlatforms) = postSolution
		{452C81D8-704F-4ECA-8285-BD2D0517580F}.Debug|Any CPU.ActiveCfg = Debug|Any CPU
		{452C81D8-704F-4ECA-8285-BD2D0517580F}.Debug|Any CPU.Build.0 = Debug|Any CPU
		{452C81D8-704F-4ECA-8285-BD2D0517580F}.Release|Any CPU.ActiveCfg = Release|Any CPU
		{452C81D8-704F-4ECA-8285-BD2D0517580F}.Release|Any CPU.Build.0 = Release|Any CPU
		{7750F9F9-5A65-486B-BAB3-DC31931A3D6A}.Debug|Any CPU.ActiveCfg = Debug|Any CPU
		{7750F9F9-5A65-486B-BAB3-DC31931A3D6A}.Debug|Any CPU.Build.0 = Debug|Any CPU
		{7750F9F9-5A65-486B-BAB3-DC31931A3D6A}.Release|Any CPU.ActiveCfg = Release|Any CPU
		{7750F9F9-5A65-486B-BAB3-DC31931A3D6A}.Release|Any CPU.Build.0 = Release|Any CPU
		{66C586D8-65DF-46A3-9F07-05D3A9F6CE3B}.Debug|Any CPU.ActiveCfg = Debug|Any CPU
		{66C586D8-65DF-46A3-9F07-05D3A9F6CE3B}.Debug|Any CPU.Build.0 = Debug|Any CPU
		{66C586D8-65DF-46A3-9F07-05D3A9F6CE3B}.Release|Any CPU.ActiveCfg = Release|Any CPU
		{66C586D8-65DF-46A3-9F07-05D3A9F6CE3B}.Release|Any CPU.Build.0 = Release|Any CPU
		{15A2425B-1F59-48CA-B0F2-148EEE435191}.Debug|Any CPU.ActiveCfg = Debug|Any CPU
		{15A2425B-1F59-48CA-B0F2-148EEE435191}.Debug|Any CPU.Build.0 = Debug|Any CPU
		{15A2425B-1F59-48CA-B0F2-148EEE435191}.Release|Any CPU.ActiveCfg = Release|Any CPU
		{15A2425B-1F59-48CA-B0F2-148EEE435191}.Release|Any CPU.Build.0 = Release|Any CPU
		{9B3A4A7A-54C3-4E4F-A362-1B530DD6FB0B}.Debug|Any CPU.ActiveCfg = Debug|Any CPU
		{9B3A4A7A-54C3-4E4F-A362-1B530DD6FB0B}.Debug|Any CPU.Build.0 = Debug|Any CPU
		{9B3A4A7A-54C3-4E4F-A362-1B530DD6FB0B}.Release|Any CPU.ActiveCfg = Release|Any CPU
		{9B3A4A7A-54C3-4E4F-A362-1B530DD6FB0B}.Release|Any CPU.Build.0 = Release|Any CPU
		{EFCE2E15-5A49-47BE-9283-7B5A5371B5E5}.Debug|Any CPU.ActiveCfg = Debug|Any CPU
		{EFCE2E15-5A49-47BE-9283-7B5A5371B5E5}.Debug|Any CPU.Build.0 = Debug|Any CPU
		{EFCE2E15-5A49-47BE-9283-7B5A5371B5E5}.Release|Any CPU.ActiveCfg = Release|Any CPU
		{EFCE2E15-5A49-47BE-9283-7B5A5371B5E5}.Release|Any CPU.Build.0 = Release|Any CPU
	EndGlobalSection
	GlobalSection(SolutionProperties) = preSolution
		HideSolutionNode = FALSE
	EndGlobalSection
	GlobalSection(ExtensibilityGlobals) = postSolution
		SolutionGuid = {E29F96CA-6031-4781-AF03-A5EB9A222C72}
	EndGlobalSection
EndGlobal
